# THIS IS AN AUTOGENERATED FILE. DO NOT EDIT THIS FILE DIRECTLY.
# yarn lockfile v1


"@foobar404/wave@^1.2.7":
  version "1.2.7"
  resolved "https://registry.yarnpkg.com/@foobar404/wave/-/wave-1.2.7.tgz#d17160c495f9fac9ba2139190349f4586b8882fc"
  integrity sha512-ynWWvfP4Dw1dUe4IupRiJGrh0nSfiYtBnY2ZU4CzGYUMvT9LVWMmpSvDjptgkl5whcwNBjGhVM1Gq1b1J/Z3TA==
